// !$*UTF8*$!
{
	archiveVersion = 1;
	classes = {
	};
	objectVersion = 56;
	objects = {

/* Begin PBXBuildFile section */
		C3B572132A4F66440004E239 /* AppDelegate.swift in Sources */ = {isa = PBXBuildFile; fileRef = C3B572122A4F66440004E239 /* AppDelegate.swift */; };
		C3B572152A4F66440004E239 /* SceneDelegate.swift in Sources */ = {isa = PBXBuildFile; fileRef = C3B572142A4F66440004E239 /* SceneDelegate.swift */; };
		C3B572172A4F66440004E239 /* MainTabBarViewController.swift in Sources */ = {isa = PBXBuildFile; fileRef = C3B572162A4F66440004E239 /* MainTabBarViewController.swift */; };
		C3B5721C2A4F66440004E239 /* Assets.xcassets in Resources */ = {isa = PBXBuildFile; fileRef = C3B5721B2A4F66440004E239 /* Assets.xcassets */; };
		C3B5721F2A4F66440004E239 /* LaunchScreen.storyboard in Resources */ = {isa = PBXBuildFile; fileRef = C3B5721D2A4F66440004E239 /* LaunchScreen.storyboard */; };
		C3B572282A4F68F50004E239 /* HomeViewController.swift in Sources */ = {isa = PBXBuildFile; fileRef = C3B572272A4F68F50004E239 /* HomeViewController.swift */; };
		C3B5722A2A4F690E0004E239 /* UpcomingViewController.swift in Sources */ = {isa = PBXBuildFile; fileRef = C3B572292A4F690E0004E239 /* UpcomingViewController.swift */; };
		C3B5722C2A4F69480004E239 /* SearchViewController.swift in Sources */ = {isa = PBXBuildFile; fileRef = C3B5722B2A4F69480004E239 /* SearchViewController.swift */; };
		C3B5722E2A4F69700004E239 /* DownloadsViewController.swift in Sources */ = {isa = PBXBuildFile; fileRef = C3B5722D2A4F69700004E239 /* DownloadsViewController.swift */; };
		C3B572332A4F73460004E239 /* CollectionViewTableViewCell.swift in Sources */ = {isa = PBXBuildFile; fileRef = C3B572322A4F73460004E239 /* CollectionViewTableViewCell.swift */; };
		C3B572352A4F7BEE0004E239 /* HeroHeaderUIView.swift in Sources */ = {isa = PBXBuildFile; fileRef = C3B572342A4F7BEE0004E239 /* HeroHeaderUIView.swift */; };
		C3D00D282A50289C00DF59E2 /* APICaller.swift in Sources */ = {isa = PBXBuildFile; fileRef = C3D00D272A50289C00DF59E2 /* APICaller.swift */; };
		C3D00D2B2A50331200DF59E2 /* Movie.swift in Sources */ = {isa = PBXBuildFile; fileRef = C3D00D2A2A50331200DF59E2 /* Movie.swift */; };
		C3FEDEB12A505A3700CF3B36 /* Extensions.swift in Sources */ = {isa = PBXBuildFile; fileRef = C3FEDEB02A505A3700CF3B36 /* Extensions.swift */; };
/* End PBXBuildFile section */

/* Begin PBXFileReference section */
		C3B5720F2A4F66440004E239 /* Netflix-Clone.app */ = {isa = PBXFileReference; explicitFileType = wrapper.application; includeInIndex = 0; path = "Netflix-Clone.app"; sourceTree = BUILT_PRODUCTS_DIR; };
		C3B572122A4F66440004E239 /* AppDelegate.swift */ = {isa = PBXFileReference; lastKnownFileType = sourcecode.swift; path = AppDelegate.swift; sourceTree = "<group>"; };
		C3B572142A4F66440004E239 /* SceneDelegate.swift */ = {isa = PBXFileReference; lastKnownFileType = sourcecode.swift; path = SceneDelegate.swift; sourceTree = "<group>"; };
		C3B572162A4F66440004E239 /* MainTabBarViewController.swift */ = {isa = PBXFileReference; lastKnownFileType = sourcecode.swift; path = MainTabBarViewController.swift; sourceTree = "<group>"; };
		C3B5721B2A4F66440004E239 /* Assets.xcassets */ = {isa = PBXFileReference; lastKnownFileType = folder.assetcatalog; path = Assets.xcassets; sourceTree = "<group>"; };
		C3B5721E2A4F66440004E239 /* Base */ = {isa = PBXFileReference; lastKnownFileType = file.storyboard; name = Base; path = Base.lproj/LaunchScreen.storyboard; sourceTree = "<group>"; };
		C3B572202A4F66440004E239 /* Info.plist */ = {isa = PBXFileReference; lastKnownFileType = text.plist.xml; path = Info.plist; sourceTree = "<group>"; };
		C3B572272A4F68F50004E239 /* HomeViewController.swift */ = {isa = PBXFileReference; lastKnownFileType = sourcecode.swift; path = HomeViewController.swift; sourceTree = "<group>"; };
		C3B572292A4F690E0004E239 /* UpcomingViewController.swift */ = {isa = PBXFileReference; lastKnownFileType = sourcecode.swift; path = UpcomingViewController.swift; sourceTree = "<group>"; };
		C3B5722B2A4F69480004E239 /* SearchViewController.swift */ = {isa = PBXFileReference; lastKnownFileType = sourcecode.swift; path = SearchViewController.swift; sourceTree = "<group>"; };
		C3B5722D2A4F69700004E239 /* DownloadsViewController.swift */ = {isa = PBXFileReference; lastKnownFileType = sourcecode.swift; path = DownloadsViewController.swift; sourceTree = "<group>"; };
		C3B572322A4F73460004E239 /* CollectionViewTableViewCell.swift */ = {isa = PBXFileReference; lastKnownFileType = sourcecode.swift; path = CollectionViewTableViewCell.swift; sourceTree = "<group>"; };
		C3B572342A4F7BEE0004E239 /* HeroHeaderUIView.swift */ = {isa = PBXFileReference; lastKnownFileType = sourcecode.swift; path = HeroHeaderUIView.swift; sourceTree = "<group>"; };
		C3D00D272A50289C00DF59E2 /* APICaller.swift */ = {isa = PBXFileReference; lastKnownFileType = sourcecode.swift; path = APICaller.swift; sourceTree = "<group>"; };
		C3D00D2A2A50331200DF59E2 /* Movie.swift */ = {isa = PBXFileReference; lastKnownFileType = sourcecode.swift; path = Movie.swift; sourceTree = "<group>"; };
		C3FEDEB02A505A3700CF3B36 /* Extensions.swift */ = {isa = PBXFileReference; lastKnownFileType = sourcecode.swift; path = Extensions.swift; sourceTree = "<group>"; };
/* End PBXFileReference section */

/* Begin PBXFrameworksBuildPhase section */
		C3B5720C2A4F66440004E239 /* Frameworks */ = {
			isa = PBXFrameworksBuildPhase;
			buildActionMask = 2147483647;
			files = (
			);
			runOnlyForDeploymentPostprocessing = 0;
		};
/* End PBXFrameworksBuildPhase section */

/* Begin PBXGroup section */
		C3B572062A4F66440004E239 = {
			isa = PBXGroup;
			children = (
				C3B572112A4F66440004E239 /* Netflix-Clone */,
				C3B572102A4F66440004E239 /* Products */,
			);
			sourceTree = "<group>";
		};
		C3B572102A4F66440004E239 /* Products */ = {
			isa = PBXGroup;
			children = (
				C3B5720F2A4F66440004E239 /* Netflix-Clone.app */,
			);
			name = Products;
			sourceTree = "<group>";
		};
		C3B572112A4F66440004E239 /* Netflix-Clone */ = {
			isa = PBXGroup;
			children = (
				C3FEDEAF2A505A2600CF3B36 /* Resources */,
				C3D00D292A50330300DF59E2 /* Managers */,
				C3B5722F2A4F72180004E239 /* Models */,
				C3B572302A4F72210004E239 /* Views */,
				C3B572312A4F72270004E239 /* ViewModels */,
				C3B572262A4F68D20004E239 /* Controllers */,
				C3B572122A4F66440004E239 /* AppDelegate.swift */,
				C3B572142A4F66440004E239 /* SceneDelegate.swift */,
				C3B572162A4F66440004E239 /* MainTabBarViewController.swift */,
				C3B5721B2A4F66440004E239 /* Assets.xcassets */,
				C3B5721D2A4F66440004E239 /* LaunchScreen.storyboard */,
				C3B572202A4F66440004E239 /* Info.plist */,
			);
			path = "Netflix-Clone";
			sourceTree = "<group>";
		};
		C3B572262A4F68D20004E239 /* Controllers */ = {
			isa = PBXGroup;
			children = (
				C3B572272A4F68F50004E239 /* HomeViewController.swift */,
				C3B572292A4F690E0004E239 /* UpcomingViewController.swift */,
				C3B5722B2A4F69480004E239 /* SearchViewController.swift */,
				C3B5722D2A4F69700004E239 /* DownloadsViewController.swift */,
			);
			path = Controllers;
			sourceTree = "<group>";
		};
		C3B5722F2A4F72180004E239 /* Models */ = {
			isa = PBXGroup;
			children = (
				C3D00D2A2A50331200DF59E2 /* Movie.swift */,
			);
			path = Models;
			sourceTree = "<group>";
		};
		C3B572302A4F72210004E239 /* Views */ = {
			isa = PBXGroup;
			children = (
				C3B572322A4F73460004E239 /* CollectionViewTableViewCell.swift */,
				C3B572342A4F7BEE0004E239 /* HeroHeaderUIView.swift */,
			);
			path = Views;
			sourceTree = "<group>";
		};
		C3B572312A4F72270004E239 /* ViewModels */ = {
			isa = PBXGroup;
			children = (
			);
			path = ViewModels;
			sourceTree = "<group>";
		};
		C3D00D292A50330300DF59E2 /* Managers */ = {
			isa = PBXGroup;
			children = (
				C3D00D272A50289C00DF59E2 /* APICaller.swift */,
			);
			path = Managers;
			sourceTree = "<group>";
		};
		C3FEDEAF2A505A2600CF3B36 /* Resources */ = {
			isa = PBXGroup;
			children = (
				C3FEDEB02A505A3700CF3B36 /* Extensions.swift */,
			);
			path = Resources;
			sourceTree = "<group>";
		};
/* End PBXGroup section */

/* Begin PBXNativeTarget section */
		C3B5720E2A4F66440004E239 /* Netflix-Clone */ = {
			isa = PBXNativeTarget;
			buildConfigurationList = C3B572232A4F66440004E239 /* Build configuration list for PBXNativeTarget "Netflix-Clone" */;
			buildPhases = (
				C3B5720B2A4F66440004E239 /* Sources */,
				C3B5720C2A4F66440004E239 /* Frameworks */,
				C3B5720D2A4F66440004E239 /* Resources */,
			);
			buildRules = (
			);
			dependencies = (
			);
			name = "Netflix-Clone";
			productName = "Netflix-Clone";
			productReference = C3B5720F2A4F66440004E239 /* Netflix-Clone.app */;
			productType = "com.apple.product-type.application";
		};
/* End PBXNativeTarget section */

/* Begin PBXProject section */
		C3B572072A4F66440004E239 /* Project object */ = {
			isa = PBXProject;
			attributes = {
				BuildIndependentTargetsInParallel = 1;
				LastSwiftUpdateCheck = 1500;
				LastUpgradeCheck = 1500;
				TargetAttributes = {
					C3B5720E2A4F66440004E239 = {
						CreatedOnToolsVersion = 15.0;
					};
				};
			};
			buildConfigurationList = C3B5720A2A4F66440004E239 /* Build configuration list for PBXProject "Netflix-Clone" */;
			compatibilityVersion = "Xcode 14.0";
			developmentRegion = en;
			hasScannedForEncodings = 0;
			knownRegions = (
				en,
				Base,
			);
			mainGroup = C3B572062A4F66440004E239;
			productRefGroup = C3B572102A4F66440004E239 /* Products */;
			projectDirPath = "";
			projectRoot = "";
			targets = (
				C3B5720E2A4F66440004E239 /* Netflix-Clone */,
			);
		};
/* End PBXProject section */

/* Begin PBXResourcesBuildPhase section */
		C3B5720D2A4F66440004E239 /* Resources */ = {
			isa = PBXResourcesBuildPhase;
			buildActionMask = 2147483647;
			files = (
				C3B5721F2A4F66440004E239 /* LaunchScreen.storyboard in Resources */,
				C3B5721C2A4F66440004E239 /* Assets.xcassets in Resources */,
			);
			runOnlyForDeploymentPostprocessing = 0;
		};
/* End PBXResourcesBuildPhase section */

/* Begin PBXSourcesBuildPhase section */
		C3B5720B2A4F66440004E239 /* Sources */ = {
			isa = PBXSourcesBuildPhase;
			buildActionMask = 2147483647;
			files = (
				C3B5722C2A4F69480004E239 /* SearchViewController.swift in Sources */,
				C3B572172A4F66440004E239 /* MainTabBarViewController.swift in Sources */,
				C3B572332A4F73460004E239 /* CollectionViewTableViewCell.swift in Sources */,
				C3D00D282A50289C00DF59E2 /* APICaller.swift in Sources */,
				C3B572352A4F7BEE0004E239 /* HeroHeaderUIView.swift in Sources */,
				C3B5722E2A4F69700004E239 /* DownloadsViewController.swift in Sources */,
				C3B572132A4F66440004E239 /* AppDelegate.swift in Sources */,
				C3FEDEB12A505A3700CF3B36 /* Extensions.swift in Sources */,
				C3B572152A4F66440004E239 /* SceneDelegate.swift in Sources */,
				C3B5722A2A4F690E0004E239 /* UpcomingViewController.swift in Sources */,
				C3D00D2B2A50331200DF59E2 /* Movie.swift in Sources */,
				C3B572282A4F68F50004E239 /* HomeViewController.swift in Sources */,
			);
			runOnlyForDeploymentPostprocessing = 0;
		};
/* End PBXSourcesBuildPhase section */

/* Begin PBXVariantGroup section */
		C3B5721D2A4F66440004E239 /* LaunchScreen.storyboard */ = {
			isa = PBXVariantGroup;
			children = (
				C3B5721E2A4F66440004E239 /* Base */,
			);
			name = LaunchScreen.storyboard;
			sourceTree = "<group>";
		};
/* End PBXVariantGroup section */

/* Begin XCBuildConfiguration section */
		C3B572212A4F66440004E239 /* Debug */ = {
			isa = XCBuildConfiguration;
			buildSettings = {
				ALWAYS_SEARCH_USER_PATHS = NO;
				ASSETCATALOG_COMPILER_GENERATE_SWIFT_ASSET_SYMBOL_EXTENSIONS = YES;
				CLANG_ANALYZER_NONNULL = YES;
				CLANG_ANALYZER_NUMBER_OBJECT_CONVERSION = YES_AGGRESSIVE;
				CLANG_CXX_LANGUAGE_STANDARD = "gnu++20";
				CLANG_ENABLE_MODULES = YES;
				CLANG_ENABLE_OBJC_ARC = YES;
				CLANG_ENABLE_OBJC_WEAK = YES;
				CLANG_WARN_BLOCK_CAPTURE_AUTORELEASING = YES;
				CLANG_WARN_BOOL_CONVERSION = YES;
				CLANG_WARN_COMMA = YES;
				CLANG_WARN_CONSTANT_CONVERSION = YES;
				CLANG_WARN_DEPRECATED_OBJC_IMPLEMENTATIONS = YES;
				CLANG_WARN_DIRECT_OBJC_ISA_USAGE = YES_ERROR;
				CLANG_WARN_DOCUMENTATION_COMMENTS = YES;
				CLANG_WARN_EMPTY_BODY = YES;
				CLANG_WARN_ENUM_CONVERSION = YES;
				CLANG_WARN_INFINITE_RECURSION = YES;
				CLANG_WARN_INT_CONVERSION = YES;
				CLANG_WARN_NON_LITERAL_NULL_CONVERSION = YES;
				CLANG_WARN_OBJC_IMPLICIT_RETAIN_SELF = YES;
				CLANG_WARN_OBJC_LITERAL_CONVERSION = YES;
				CLANG_WARN_OBJC_ROOT_CLASS = YES_ERROR;
				CLANG_WARN_QUOTED_INCLUDE_IN_FRAMEWORK_HEADER = YES;
				CLANG_WARN_RANGE_LOOP_ANALYSIS = YES;
				CLANG_WARN_STRICT_PROTOTYPES = YES;
				CLANG_WARN_SUSPICIOUS_MOVE = YES;
				CLANG_WARN_UNGUARDED_AVAILABILITY = YES_AGGRESSIVE;
				CLANG_WARN_UNREACHABLE_CODE = YES;
				CLANG_WARN__DUPLICATE_METHOD_MATCH = YES;
				COPY_PHASE_STRIP = NO;
				DEBUG_INFORMATION_FORMAT = dwarf;
				ENABLE_STRICT_OBJC_MSGSEND = YES;
				ENABLE_TESTABILITY = YES;
				ENABLE_USER_SCRIPT_SANDBOXING = YES;
				GCC_C_LANGUAGE_STANDARD = gnu17;
				GCC_DYNAMIC_NO_PIC = NO;
				GCC_NO_COMMON_BLOCKS = YES;
				GCC_OPTIMIZATION_LEVEL = 0;
				GCC_PREPROCESSOR_DEFINITIONS = (
					"DEBUG=1",
					"$(inherited)",
				);
				GCC_WARN_64_TO_32_BIT_CONVERSION = YES;
				GCC_WARN_ABOUT_RETURN_TYPE = YES_ERROR;
				GCC_WARN_UNDECLARED_SELECTOR = YES;
				GCC_WARN_UNINITIALIZED_AUTOS = YES_AGGRESSIVE;
				GCC_WARN_UNUSED_FUNCTION = YES;
				GCC_WARN_UNUSED_VARIABLE = YES;
				IPHONEOS_DEPLOYMENT_TARGET = 17.0;
				LOCALIZATION_PREFERS_STRING_CATALOGS = YES;
				MTL_ENABLE_DEBUG_INFO = INCLUDE_SOURCE;
				MTL_FAST_MATH = YES;
				ONLY_ACTIVE_ARCH = YES;
				SDKROOT = iphoneos;
				SWIFT_ACTIVE_COMPILATION_CONDITIONS = "DEBUG $(inherited)";
				SWIFT_OPTIMIZATION_LEVEL = "-Onone";
			};
			name = Debug;
		};
		C3B572222A4F66440004E239 /* Release */ = {
			isa = XCBuildConfiguration;
			buildSettings = {
				ALWAYS_SEARCH_USER_PATHS = NO;
				ASSETCATALOG_COMPILER_GENERATE_SWIFT_ASSET_SYMBOL_EXTENSIONS = YES;
				CLANG_ANALYZER_NONNULL = YES;
				CLANG_ANALYZER_NUMBER_OBJECT_CONVERSION = YES_AGGRESSIVE;
				CLANG_CXX_LANGUAGE_STANDARD = "gnu++20";
				CLANG_ENABLE_MODULES = YES;
				CLANG_ENABLE_OBJC_ARC = YES;
				CLANG_ENABLE_OBJC_WEAK = YES;
				CLANG_WARN_BLOCK_CAPTURE_AUTORELEASING = YES;
				CLANG_WARN_BOOL_CONVERSION = YES;
				CLANG_WARN_COMMA = YES;
				CLANG_WARN_CONSTANT_CONVERSION = YES;
				CLANG_WARN_DEPRECATED_OBJC_IMPLEMENTATIONS = YES;
				CLANG_WARN_DIRECT_OBJC_ISA_USAGE = YES_ERROR;
				CLANG_WARN_DOCUMENTATION_COMMENTS = YES;
				CLANG_WARN_EMPTY_BODY = YES;
				CLANG_WARN_ENUM_CONVERSION = YES;
				CLANG_WARN_INFINITE_RECURSION = YES;
				CLANG_WARN_INT_CONVERSION = YES;
				CLANG_WARN_NON_LITERAL_NULL_CONVERSION = YES;
				CLANG_WARN_OBJC_IMPLICIT_RETAIN_SELF = YES;
				CLANG_WARN_OBJC_LITERAL_CONVERSION = YES;
				CLANG_WARN_OBJC_ROOT_CLASS = YES_ERROR;
				CLANG_WARN_QUOTED_INCLUDE_IN_FRAMEWORK_HEADER = YES;
				CLANG_WARN_RANGE_LOOP_ANALYSIS = YES;
				CLANG_WARN_STRICT_PROTOTYPES = YES;
				CLANG_WARN_SUSPICIOUS_MOVE = YES;
				CLANG_WARN_UNGUARDED_AVAILABILITY = YES_AGGRESSIVE;
				CLANG_WARN_UNREACHABLE_CODE = YES;
				CLANG_WARN__DUPLICATE_METHOD_MATCH = YES;
				COPY_PHASE_STRIP = NO;
				DEBUG_INFORMATION_FORMAT = "dwarf-with-dsym";
				ENABLE_NS_ASSERTIONS = NO;
				ENABLE_STRICT_OBJC_MSGSEND = YES;
				ENABLE_USER_SCRIPT_SANDBOXING = YES;
				GCC_C_LANGUAGE_STANDARD = gnu17;
				GCC_NO_COMMON_BLOCKS = YES;
				GCC_WARN_64_TO_32_BIT_CONVERSION = YES;
				GCC_WARN_ABOUT_RETURN_TYPE = YES_ERROR;
				GCC_WARN_UNDECLARED_SELECTOR = YES;
				GCC_WARN_UNINITIALIZED_AUTOS = YES_AGGRESSIVE;
				GCC_WARN_UNUSED_FUNCTION = YES;
				GCC_WARN_UNUSED_VARIABLE = YES;
				IPHONEOS_DEPLOYMENT_TARGET = 17.0;
				LOCALIZATION_PREFERS_STRING_CATALOGS = YES;
				MTL_ENABLE_DEBUG_INFO = NO;
				MTL_FAST_MATH = YES;
				SDKROOT = iphoneos;
				SWIFT_COMPILATION_MODE = wholemodule;
				VALIDATE_PRODUCT = YES;
			};
			name = Release;
		};
		C3B572242A4F66440004E239 /* Debug */ = {
			isa = XCBuildConfiguration;
			buildSettings = {
				ASSETCATALOG_COMPILER_APPICON_NAME = AppIcon;
				ASSETCATALOG_COMPILER_GLOBAL_ACCENT_COLOR_NAME = AccentColor;
				CODE_SIGN_STYLE = Automatic;
				CURRENT_PROJECT_VERSION = 1;
				DEVELOPMENT_TEAM = 46UB79YYJT;
				GENERATE_INFOPLIST_FILE = YES;
				INFOPLIST_FILE = "Netflix-Clone/Info.plist";
				INFOPLIST_KEY_UIApplicationSupportsIndirectInputEvents = YES;
				INFOPLIST_KEY_UILaunchStoryboardName = LaunchScreen;
				INFOPLIST_KEY_UISupportedInterfaceOrientations_iPad = "UIInterfaceOrientationPortrait UIInterfaceOrientationPortraitUpsideDown UIInterfaceOrientationLandscapeLeft UIInterfaceOrientationLandscapeRight";
				INFOPLIST_KEY_UISupportedInterfaceOrientations_iPhone = "UIInterfaceOrientationPortrait UIInterfaceOrientationLandscapeLeft UIInterfaceOrientationLandscapeRight";
				IPHONEOS_DEPLOYMENT_TARGET = 14.0;
				LD_RUNPATH_SEARCH_PATHS = (
					"$(inherited)",
					"@executable_path/Frameworks",
				);
				MARKETING_VERSION = 1.0;
				PRODUCT_BUNDLE_IDENTIFIER = "com.orcunerdil.Netflix-Clone";
				PRODUCT_NAME = "$(TARGET_NAME)";
				SWIFT_EMIT_LOC_STRINGS = YES;
				SWIFT_VERSION = 5.0;
				TARGETED_DEVICE_FAMILY = "1,2";
			};
			name = Debug;
		};
		C3B572252A4F66440004E239 /* Release */ = {
			isa = XCBuildConfiguration;
			buildSettings = {
				ASSETCATALOG_COMPILER_APPICON_NAME = AppIcon;
				ASSETCATALOG_COMPILER_GLOBAL_ACCENT_COLOR_NAME = AccentColor;
				CODE_SIGN_STYLE = Automatic;
				CURRENT_PROJECT_VERSION = 1;
				DEVELOPMENT_TEAM = 46UB79YYJT;
				GENERATE_INFOPLIST_FILE = YES;
				INFOPLIST_FILE = "Netflix-Clone/Info.plist";
				INFOPLIST_KEY_UIApplicationSupportsIndirectInputEvents = YES;
				INFOPLIST_KEY_UILaunchStoryboardName = LaunchScreen;
				INFOPLIST_KEY_UISupportedInterfaceOrientations_iPad = "UIInterfaceOrientationPortrait UIInterfaceOrientationPortraitUpsideDown UIInterfaceOrientationLandscapeLeft UIInterfaceOrientationLandscapeRight";
				INFOPLIST_KEY_UISupportedInterfaceOrientations_iPhone = "UIInterfaceOrientationPortrait UIInterfaceOrientationLandscapeLeft UIInterfaceOrientationLandscapeRight";
				IPHONEOS_DEPLOYMENT_TARGET = 14.0;
				LD_RUNPATH_SEARCH_PATHS = (
					"$(inherited)",
					"@executable_path/Frameworks",
				);
				MARKETING_VERSION = 1.0;
				PRODUCT_BUNDLE_IDENTIFIER = "com.orcunerdil.Netflix-Clone";
				PRODUCT_NAME = "$(TARGET_NAME)";
				SWIFT_EMIT_LOC_STRINGS = YES;
				SWIFT_VERSION = 5.0;
				TARGETED_DEVICE_FAMILY = "1,2";
			};
			name = Release;
		};
/* End XCBuildConfiguration section */

/* Begin XCConfigurationList section */
		C3B5720A2A4F66440004E239 /* Build configuration list for PBXProject "Netflix-Clone" */ = {
			isa = XCConfigurationList;
			buildConfigurations = (
				C3B572212A4F66440004E239 /* Debug */,
				C3B572222A4F66440004E239 /* Release */,
			);
			defaultConfigurationIsVisible = 0;
			defaultConfigurationName = Release;
		};
		C3B572232A4F66440004E239 /* Build configuration list for PBXNativeTarget "Netflix-Clone" */ = {
			isa = XCConfigurationList;
			buildConfigurations = (
				C3B572242A4F66440004E239 /* Debug */,
				C3B572252A4F66440004E239 /* Release */,
			);
			defaultConfigurationIsVisible = 0;
			defaultConfigurationName = Release;
		};
/* End XCConfigurationList section */
	};
	rootObject = C3B572072A4F66440004E239 /* Project object */;
}
